// !$*UTF8*$!
{
	archiveVersion = 1;
	classes = {
	};
	objectVersion = 55;
	objects = {

/* Begin PBXBuildFile section */
		06F68C4A2738D328009AA68A /* ViewControllerUserHome.swift in Sources */ = {isa = PBXBuildFile; fileRef = 06F68C492738D328009AA68A /* ViewControllerUserHome.swift */; };
		06F68C4C2738DC8B009AA68A /* ViewControllerCollectionView.swift in Sources */ = {isa = PBXBuildFile; fileRef = 06F68C4B2738DC8B009AA68A /* ViewControllerCollectionView.swift */; };
		06F68C4E2738E0BE009AA68A /* Custom-Cell.swift in Sources */ = {isa = PBXBuildFile; fileRef = 06F68C4D2738E0BE009AA68A /* Custom-Cell.swift */; };
		11EAB9AD27340A2E00D60B41 /* AppDelegate.swift in Sources */ = {isa = PBXBuildFile; fileRef = 11EAB9AC27340A2E00D60B41 /* AppDelegate.swift */; };
		11EAB9AF27340A2E00D60B41 /* SceneDelegate.swift in Sources */ = {isa = PBXBuildFile; fileRef = 11EAB9AE27340A2E00D60B41 /* SceneDelegate.swift */; };
		11EAB9B127340A2E00D60B41 /* ViewController.swift in Sources */ = {isa = PBXBuildFile; fileRef = 11EAB9B027340A2E00D60B41 /* ViewController.swift */; };
		11EAB9B427340A2E00D60B41 /* Main.storyboard in Resources */ = {isa = PBXBuildFile; fileRef = 11EAB9B227340A2E00D60B41 /* Main.storyboard */; };
		11EAB9B727340A2E00D60B41 /* CollectionTabCreativeApp.xcdatamodeld in Sources */ = {isa = PBXBuildFile; fileRef = 11EAB9B527340A2E00D60B41 /* CollectionTabCreativeApp.xcdatamodeld */; };
		11EAB9B927340A3000D60B41 /* Assets.xcassets in Resources */ = {isa = PBXBuildFile; fileRef = 11EAB9B827340A3000D60B41 /* Assets.xcassets */; };
		11EAB9BC27340A3000D60B41 /* LaunchScreen.storyboard in Resources */ = {isa = PBXBuildFile; fileRef = 11EAB9BA27340A3000D60B41 /* LaunchScreen.storyboard */; };
		11EAB9C427340E7C00D60B41 /* File.swift in Sources */ = {isa = PBXBuildFile; fileRef = 11EAB9C327340E7C00D60B41 /* File.swift */; };
/* End PBXBuildFile section */

/* Begin PBXFileReference section */
		06F68C492738D328009AA68A /* ViewControllerUserHome.swift */ = {isa = PBXFileReference; lastKnownFileType = sourcecode.swift; path = ViewControllerUserHome.swift; sourceTree = "<group>"; };
		06F68C4B2738DC8B009AA68A /* ViewControllerCollectionView.swift */ = {isa = PBXFileReference; lastKnownFileType = sourcecode.swift; path = ViewControllerCollectionView.swift; sourceTree = "<group>"; };
		06F68C4D2738E0BE009AA68A /* Custom-Cell.swift */ = {isa = PBXFileReference; lastKnownFileType = sourcecode.swift; path = "Custom-Cell.swift"; sourceTree = "<group>"; };
		11EAB9A927340A2E00D60B41 /* CollectionTabCreativeApp.app */ = {isa = PBXFileReference; explicitFileType = wrapper.application; includeInIndex = 0; path = CollectionTabCreativeApp.app; sourceTree = BUILT_PRODUCTS_DIR; };
		11EAB9AC27340A2E00D60B41 /* AppDelegate.swift */ = {isa = PBXFileReference; lastKnownFileType = sourcecode.swift; path = AppDelegate.swift; sourceTree = "<group>"; };
		11EAB9AE27340A2E00D60B41 /* SceneDelegate.swift */ = {isa = PBXFileReference; lastKnownFileType = sourcecode.swift; path = SceneDelegate.swift; sourceTree = "<group>"; };
		11EAB9B027340A2E00D60B41 /* ViewController.swift */ = {isa = PBXFileReference; lastKnownFileType = sourcecode.swift; path = ViewController.swift; sourceTree = "<group>"; };
		11EAB9B327340A2E00D60B41 /* Base */ = {isa = PBXFileReference; lastKnownFileType = file.storyboard; name = Base; path = Base.lproj/Main.storyboard; sourceTree = "<group>"; };
		11EAB9B627340A2E00D60B41 /* CollectionTabCreativeApp.xcdatamodel */ = {isa = PBXFileReference; lastKnownFileType = wrapper.xcdatamodel; path = CollectionTabCreativeApp.xcdatamodel; sourceTree = "<group>"; };
		11EAB9B827340A3000D60B41 /* Assets.xcassets */ = {isa = PBXFileReference; lastKnownFileType = folder.assetcatalog; path = Assets.xcassets; sourceTree = "<group>"; };
		11EAB9BB27340A3000D60B41 /* Base */ = {isa = PBXFileReference; lastKnownFileType = file.storyboard; name = Base; path = Base.lproj/LaunchScreen.storyboard; sourceTree = "<group>"; };
		11EAB9BD27340A3000D60B41 /* Info.plist */ = {isa = PBXFileReference; lastKnownFileType = text.plist.xml; path = Info.plist; sourceTree = "<group>"; };
		11EAB9C327340E7C00D60B41 /* File.swift */ = {isa = PBXFileReference; lastKnownFileType = sourcecode.swift; path = File.swift; sourceTree = "<group>"; };
/* End PBXFileReference section */

/* Begin PBXFrameworksBuildPhase section */
		11EAB9A627340A2E00D60B41 /* Frameworks */ = {
			isa = PBXFrameworksBuildPhase;
			buildActionMask = 2147483647;
			files = (
			);
			runOnlyForDeploymentPostprocessing = 0;
		};
/* End PBXFrameworksBuildPhase section */

/* Begin PBXGroup section */
		11EAB9A027340A2E00D60B41 = {
			isa = PBXGroup;
			children = (
				11EAB9AB27340A2E00D60B41 /* CollectionTabCreativeApp */,
				11EAB9AA27340A2E00D60B41 /* Products */,
			);
			sourceTree = "<group>";
		};
		11EAB9AA27340A2E00D60B41 /* Products */ = {
			isa = PBXGroup;
			children = (
				11EAB9A927340A2E00D60B41 /* CollectionTabCreativeApp.app */,
			);
			name = Products;
			sourceTree = "<group>";
		};
		11EAB9AB27340A2E00D60B41 /* CollectionTabCreativeApp */ = {
			isa = PBXGroup;
			children = (
				11EAB9AC27340A2E00D60B41 /* AppDelegate.swift */,
				11EAB9AE27340A2E00D60B41 /* SceneDelegate.swift */,
				11EAB9B027340A2E00D60B41 /* ViewController.swift */,
				06F68C492738D328009AA68A /* ViewControllerUserHome.swift */,
				06F68C4B2738DC8B009AA68A /* ViewControllerCollectionView.swift */,
				06F68C4D2738E0BE009AA68A /* Custom-Cell.swift */,
				11EAB9B227340A2E00D60B41 /* Main.storyboard */,
				11EAB9C327340E7C00D60B41 /* File.swift */,
				11EAB9B827340A3000D60B41 /* Assets.xcassets */,
				11EAB9BA27340A3000D60B41 /* LaunchScreen.storyboard */,
				11EAB9BD27340A3000D60B41 /* Info.plist */,
				11EAB9B527340A2E00D60B41 /* CollectionTabCreativeApp.xcdatamodeld */,
			);
			path = CollectionTabCreativeApp;
			sourceTree = "<group>";
		};
/* End PBXGroup section */

/* Begin PBXNativeTarget section */
		11EAB9A827340A2E00D60B41 /* CollectionTabCreativeApp */ = {
			isa = PBXNativeTarget;
			buildConfigurationList = 11EAB9C027340A3000D60B41 /* Build configuration list for PBXNativeTarget "CollectionTabCreativeApp" */;
			buildPhases = (
				11EAB9A527340A2E00D60B41 /* Sources */,
				11EAB9A627340A2E00D60B41 /* Frameworks */,
				11EAB9A727340A2E00D60B41 /* Resources */,
			);
			buildRules = (
			);
			dependencies = (
			);
			name = CollectionTabCreativeApp;
			productName = CollectionTabCreativeApp;
			productReference = 11EAB9A927340A2E00D60B41 /* CollectionTabCreativeApp.app */;
			productType = "com.apple.product-type.application";
		};
/* End PBXNativeTarget section */

/* Begin PBXProject section */
		11EAB9A127340A2E00D60B41 /* Project object */ = {
			isa = PBXProject;
			attributes = {
				BuildIndependentTargetsInParallel = 1;
				LastSwiftUpdateCheck = 1300;
				LastUpgradeCheck = 1300;
				TargetAttributes = {
					11EAB9A827340A2E00D60B41 = {
						CreatedOnToolsVersion = 13.0;
					};
				};
			};
			buildConfigurationList = 11EAB9A427340A2E00D60B41 /* Build configuration list for PBXProject "CollectionTabCreativeApp" */;
			compatibilityVersion = "Xcode 13.0";
			developmentRegion = en;
			hasScannedForEncodings = 0;
			knownRegions = (
				en,
				Base,
			);
			mainGroup = 11EAB9A027340A2E00D60B41;
			productRefGroup = 11EAB9AA27340A2E00D60B41 /* Products */;
			projectDirPath = "";
			projectRoot = "";
			targets = (
				11EAB9A827340A2E00D60B41 /* CollectionTabCreativeApp */,
			);
		};
/* End PBXProject section */

/* Begin PBXResourcesBuildPhase section */
		11EAB9A727340A2E00D60B41 /* Resources */ = {
			isa = PBXResourcesBuildPhase;
			buildActionMask = 2147483647;
			files = (
				11EAB9BC27340A3000D60B41 /* LaunchScreen.storyboard in Resources */,
				11EAB9B927340A3000D60B41 /* Assets.xcassets in Resources */,
				11EAB9B427340A2E00D60B41 /* Main.storyboard in Resources */,
			);
			runOnlyForDeploymentPostprocessing = 0;
		};
/* End PBXResourcesBuildPhase section */

/* Begin PBXSourcesBuildPhase section */
		11EAB9A527340A2E00D60B41 /* Sources */ = {
			isa = PBXSourcesBuildPhase;
			buildActionMask = 2147483647;
			files = (
				06F68C4A2738D328009AA68A /* ViewControllerUserHome.swift in Sources */,
				11EAB9C427340E7C00D60B41 /* File.swift in Sources */,
				11EAB9B727340A2E00D60B41 /* CollectionTabCreativeApp.xcdatamodeld in Sources */,
				11EAB9B127340A2E00D60B41 /* ViewController.swift in Sources */,
				06F68C4E2738E0BE009AA68A /* Custom-Cell.swift in Sources */,
				06F68C4C2738DC8B009AA68A /* ViewControllerCollectionView.swift in Sources */,
				11EAB9AD27340A2E00D60B41 /* AppDelegate.swift in Sources */,
				11EAB9AF27340A2E00D60B41 /* SceneDelegate.swift in Sources */,
			);
			runOnlyForDeploymentPostprocessing = 0;
		};
/* End PBXSourcesBuildPhase section */

/* Begin PBXVariantGroup section */
		11EAB9B227340A2E00D60B41 /* Main.storyboard */ = {
			isa = PBXVariantGroup;
			children = (
				11EAB9B327340A2E00D60B41 /* Base */,
			);
			name = Main.storyboard;
			sourceTree = "<group>";
		};
		11EAB9BA27340A3000D60B41 /* LaunchScreen.storyboard */ = {
			isa = PBXVariantGroup;
			children = (
				11EAB9BB27340A3000D60B41 /* Base */,
			);
			name = LaunchScreen.storyboard;
			sourceTree = "<group>";
		};
/* End PBXVariantGroup section */

/* Begin XCBuildConfiguration section */
		11EAB9BE27340A3000D60B41 /* Debug */ = {
			isa = XCBuildConfiguration;
			buildSettings = {
				ALWAYS_SEARCH_USER_PATHS = NO;
				CLANG_ANALYZER_NONNULL = YES;
				CLANG_ANALYZER_NUMBER_OBJECT_CONVERSION = YES_AGGRESSIVE;
				CLANG_CXX_LANGUAGE_STANDARD = "gnu++17";
				CLANG_CXX_LIBRARY = "libc++";
				CLANG_ENABLE_MODULES = YES;
				CLANG_ENABLE_OBJC_ARC = YES;
				CLANG_ENABLE_OBJC_WEAK = YES;
				CLANG_WARN_BLOCK_CAPTURE_AUTORELEASING = YES;
				CLANG_WARN_BOOL_CONVERSION = YES;
				CLANG_WARN_COMMA = YES;
				CLANG_WARN_CONSTANT_CONVERSION = YES;
				CLANG_WARN_DEPRECATED_OBJC_IMPLEMENTATIONS = YES;
				CLANG_WARN_DIRECT_OBJC_ISA_USAGE = YES_ERROR;
				CLANG_WARN_DOCUMENTATION_COMMENTS = YES;
				CLANG_WARN_EMPTY_BODY = YES;
				CLANG_WARN_ENUM_CONVERSION = YES;
				CLANG_WARN_INFINITE_RECURSION = YES;
				CLANG_WARN_INT_CONVERSION = YES;
				CLANG_WARN_NON_LITERAL_NULL_CONVERSION = YES;
				CLANG_WARN_OBJC_IMPLICIT_RETAIN_SELF = YES;
				CLANG_WARN_OBJC_LITERAL_CONVERSION = YES;
				CLANG_WARN_OBJC_ROOT_CLASS = YES_ERROR;
				CLANG_WARN_QUOTED_INCLUDE_IN_FRAMEWORK_HEADER = YES;
				CLANG_WARN_RANGE_LOOP_ANALYSIS = YES;
				CLANG_WARN_STRICT_PROTOTYPES = YES;
				CLANG_WARN_SUSPICIOUS_MOVE = YES;
				CLANG_WARN_UNGUARDED_AVAILABILITY = YES_AGGRESSIVE;
				CLANG_WARN_UNREACHABLE_CODE = YES;
				CLANG_WARN__DUPLICATE_METHOD_MATCH = YES;
				COPY_PHASE_STRIP = NO;
				DEBUG_INFORMATION_FORMAT = dwarf;
				ENABLE_STRICT_OBJC_MSGSEND = YES;
				ENABLE_TESTABILITY = YES;
				GCC_C_LANGUAGE_STANDARD = gnu11;
				GCC_DYNAMIC_NO_PIC = NO;
				GCC_NO_COMMON_BLOCKS = YES;
				GCC_OPTIMIZATION_LEVEL = 0;
				GCC_PREPROCESSOR_DEFINITIONS = (
					"DEBUG=1",
					"$(inherited)",
				);
				GCC_WARN_64_TO_32_BIT_CONVERSION = YES;
				GCC_WARN_ABOUT_RETURN_TYPE = YES_ERROR;
				GCC_WARN_UNDECLARED_SELECTOR = YES;
				GCC_WARN_UNINITIALIZED_AUTOS = YES_AGGRESSIVE;
				GCC_WARN_UNUSED_FUNCTION = YES;
				GCC_WARN_UNUSED_VARIABLE = YES;
				IPHONEOS_DEPLOYMENT_TARGET = 15.0;
				MTL_ENABLE_DEBUG_INFO = INCLUDE_SOURCE;
				MTL_FAST_MATH = YES;
				ONLY_ACTIVE_ARCH = YES;
				SDKROOT = iphoneos;
				SWIFT_ACTIVE_COMPILATION_CONDITIONS = DEBUG;
				SWIFT_OPTIMIZATION_LEVEL = "-Onone";
			};
			name = Debug;
		};
		11EAB9BF27340A3000D60B41 /* Release */ = {
			isa = XCBuildConfiguration;
			buildSettings = {
				ALWAYS_SEARCH_USER_PATHS = NO;
				CLANG_ANALYZER_NONNULL = YES;
				CLANG_ANALYZER_NUMBER_OBJECT_CONVERSION = YES_AGGRESSIVE;
				CLANG_CXX_LANGUAGE_STANDARD = "gnu++17";
				CLANG_CXX_LIBRARY = "libc++";
				CLANG_ENABLE_MODULES = YES;
				CLANG_ENABLE_OBJC_ARC = YES;
				CLANG_ENABLE_OBJC_WEAK = YES;
				CLANG_WARN_BLOCK_CAPTURE_AUTORELEASING = YES;
				CLANG_WARN_BOOL_CONVERSION = YES;
				CLANG_WARN_COMMA = YES;
				CLANG_WARN_CONSTANT_CONVERSION = YES;
				CLANG_WARN_DEPRECATED_OBJC_IMPLEMENTATIONS = YES;
				CLANG_WARN_DIRECT_OBJC_ISA_USAGE = YES_ERROR;
				CLANG_WARN_DOCUMENTATION_COMMENTS = YES;
				CLANG_WARN_EMPTY_BODY = YES;
				CLANG_WARN_ENUM_CONVERSION = YES;
				CLANG_WARN_INFINITE_RECURSION = YES;
				CLANG_WARN_INT_CONVERSION = YES;
				CLANG_WARN_NON_LITERAL_NULL_CONVERSION = YES;
				CLANG_WARN_OBJC_IMPLICIT_RETAIN_SELF = YES;
				CLANG_WARN_OBJC_LITERAL_CONVERSION = YES;
				CLANG_WARN_OBJC_ROOT_CLASS = YES_ERROR;
				CLANG_WARN_QUOTED_INCLUDE_IN_FRAMEWORK_HEADER = YES;
				CLANG_WARN_RANGE_LOOP_ANALYSIS = YES;
				CLANG_WARN_STRICT_PROTOTYPES = YES;
				CLANG_WARN_SUSPICIOUS_MOVE = YES;
				CLANG_WARN_UNGUARDED_AVAILABILITY = YES_AGGRESSIVE;
				CLANG_WARN_UNREACHABLE_CODE = YES;
				CLANG_WARN__DUPLICATE_METHOD_MATCH = YES;
				COPY_PHASE_STRIP = NO;
				DEBUG_INFORMATION_FORMAT = "dwarf-with-dsym";
				ENABLE_NS_ASSERTIONS = NO;
				ENABLE_STRICT_OBJC_MSGSEND = YES;
				GCC_C_LANGUAGE_STANDARD = gnu11;
				GCC_NO_COMMON_BLOCKS = YES;
				GCC_WARN_64_TO_32_BIT_CONVERSION = YES;
				GCC_WARN_ABOUT_RETURN_TYPE = YES_ERROR;
				GCC_WARN_UNDECLARED_SELECTOR = YES;
				GCC_WARN_UNINITIALIZED_AUTOS = YES_AGGRESSIVE;
				GCC_WARN_UNUSED_FUNCTION = YES;
				GCC_WARN_UNUSED_VARIABLE = YES;
				IPHONEOS_DEPLOYMENT_TARGET = 15.0;
				MTL_ENABLE_DEBUG_INFO = NO;
				MTL_FAST_MATH = YES;
				SDKROOT = iphoneos;
				SWIFT_COMPILATION_MODE = wholemodule;
				SWIFT_OPTIMIZATION_LEVEL = "-O";
				VALIDATE_PRODUCT = YES;
			};
			name = Release;
		};
		11EAB9C127340A3000D60B41 /* Debug */ = {
			isa = XCBuildConfiguration;
			buildSettings = {
				ASSETCATALOG_COMPILER_APPICON_NAME = AppIcon;
				ASSETCATALOG_COMPILER_GLOBAL_ACCENT_COLOR_NAME = AccentColor;
				CODE_SIGN_STYLE = Automatic;
				CURRENT_PROJECT_VERSION = 1;
				DEVELOPMENT_TEAM = XFUR3T8U8Y;
				GENERATE_INFOPLIST_FILE = YES;
				INFOPLIST_FILE = CollectionTabCreativeApp/Info.plist;
				INFOPLIST_KEY_UIApplicationSupportsIndirectInputEvents = YES;
				INFOPLIST_KEY_UILaunchStoryboardName = LaunchScreen;
				INFOPLIST_KEY_UIMainStoryboardFile = Main;
				INFOPLIST_KEY_UISupportedInterfaceOrientations_iPad = "UIInterfaceOrientationPortrait UIInterfaceOrientationPortraitUpsideDown UIInterfaceOrientationLandscapeLeft UIInterfaceOrientationLandscapeRight";
				INFOPLIST_KEY_UISupportedInterfaceOrientations_iPhone = "UIInterfaceOrientationPortrait UIInterfaceOrientationLandscapeLeft UIInterfaceOrientationLandscapeRight";
				LD_RUNPATH_SEARCH_PATHS = (
					"$(inherited)",
					"@executable_path/Frameworks",
				);
				MARKETING_VERSION = 1.0;
				PRODUCT_BUNDLE_IDENTIFIER = clc.CollectionTabCreativeApp;
				PRODUCT_NAME = "$(TARGET_NAME)";
				SWIFT_EMIT_LOC_STRINGS = YES;
				SWIFT_VERSION = 5.0;
				TARGETED_DEVICE_FAMILY = "1,2";
			};
			name = Debug;
		};
		11EAB9C227340A3000D60B41 /* Release */ = {
			isa = XCBuildConfiguration;
			buildSettings = {
				ASSETCATALOG_COMPILER_APPICON_NAME = AppIcon;
				ASSETCATALOG_COMPILER_GLOBAL_ACCENT_COLOR_NAME = AccentColor;
				CODE_SIGN_STYLE = Automatic;
				CURRENT_PROJECT_VERSION = 1;
				DEVELOPMENT_TEAM = XFUR3T8U8Y;
				GENERATE_INFOPLIST_FILE = YES;
				INFOPLIST_FILE = CollectionTabCreativeApp/Info.plist;
				INFOPLIST_KEY_UIApplicationSupportsIndirectInputEvents = YES;
				INFOPLIST_KEY_UILaunchStoryboardName = LaunchScreen;
				INFOPLIST_KEY_UIMainStoryboardFile = Main;
				INFOPLIST_KEY_UISupportedInterfaceOrientations_iPad = "UIInterfaceOrientationPortrait UIInterfaceOrientationPortraitUpsideDown UIInterfaceOrientationLandscapeLeft UIInterfaceOrientationLandscapeRight";
				INFOPLIST_KEY_UISupportedInterfaceOrientations_iPhone = "UIInterfaceOrientationPortrait UIInterfaceOrientationLandscapeLeft UIInterfaceOrientationLandscapeRight";
				LD_RUNPATH_SEARCH_PATHS = (
					"$(inherited)",
					"@executable_path/Frameworks",
				);
				MARKETING_VERSION = 1.0;
				PRODUCT_BUNDLE_IDENTIFIER = clc.CollectionTabCreativeApp;
				PRODUCT_NAME = "$(TARGET_NAME)";
				SWIFT_EMIT_LOC_STRINGS = YES;
				SWIFT_VERSION = 5.0;
				TARGETED_DEVICE_FAMILY = "1,2";
			};
			name = Release;
		};
/* End XCBuildConfiguration section */

/* Begin XCConfigurationList section */
		11EAB9A427340A2E00D60B41 /* Build configuration list for PBXProject "CollectionTabCreativeApp" */ = {
			isa = XCConfigurationList;
			buildConfigurations = (
				11EAB9BE27340A3000D60B41 /* Debug */,
				11EAB9BF27340A3000D60B41 /* Release */,
			);
			defaultConfigurationIsVisible = 0;
			defaultConfigurationName = Release;
		};
		11EAB9C027340A3000D60B41 /* Build configuration list for PBXNativeTarget "CollectionTabCreativeApp" */ = {
			isa = XCConfigurationList;
			buildConfigurations = (
				11EAB9C127340A3000D60B41 /* Debug */,
				11EAB9C227340A3000D60B41 /* Release */,
			);
			defaultConfigurationIsVisible = 0;
			defaultConfigurationName = Release;
		};
/* End XCConfigurationList section */

/* Begin XCVersionGroup section */
		11EAB9B527340A2E00D60B41 /* CollectionTabCreativeApp.xcdatamodeld */ = {
			isa = XCVersionGroup;
			children = (
				11EAB9B627340A2E00D60B41 /* CollectionTabCreativeApp.xcdatamodel */,
			);
			currentVersion = 11EAB9B627340A2E00D60B41 /* CollectionTabCreativeApp.xcdatamodel */;
			path = CollectionTabCreativeApp.xcdatamodeld;
			sourceTree = "<group>";
			versionGroupType = wrapper.xcdatamodel;
		};
/* End XCVersionGroup section */
	};
	rootObject = 11EAB9A127340A2E00D60B41 /* Project object */;
}
